{
  "name": "whats-training-turtle-extractor",
  "version": "1.0.1",
  "lockfileVersion": 2,
  "requires": true,
  "packages": {
    "": {
      "name": "whats-training-turtle-extractor",
      "version": "1.0.1",
      "dependencies": {
        "json_to_lua": "^1.1.1"
      }
    },
    "node_modules/json_to_lua": {
      "version": "1.1.1",
      "resolved": "https://registry.npmjs.org/json_to_lua/-/json_to_lua-1.1.1.tgz",
      "integrity": "sha512-TgqPHtUPGp6ZuzRzaLV1PeOnnnOKgvjmFJDelh0p0KlHz0oq0/ko3ji7TjBjFxFSPYd5zsl1rV7NPcIKZH15nA==",
      "license": "ISC",
      "dependencies": {
        "lodash": "^4.17.15"
      },
      "bin": {
        "json_to_lua": "index.js"
      }
    },
    "node_modules/lodash": {
      "version": "4.17.21",
      "resolved": "https://registry.npmjs.org/lodash/-/lodash-4.17.21.tgz",
      "integrity": "sha512-v2kDEe57lecTulaDIuNTPy3Ry4gLGJ6Z1O3vE1krgXZNrsQ+LFTGHVxVjcXPs17LhbZVGedAJv8XZ1tvj5FvSg=="
    }
  },
  "dependencies": {
    "json_to_lua": {
      "version": "1.1.1",
      "resolved": "https://registry.npmjs.org/json_to_lua/-/json_to_lua-1.1.1.tgz",
      "integrity": "sha512-TgqPHtUPGp6ZuzRzaLV1PeOnnnOKgvjmFJDelh0p0KlHz0oq0/ko3ji7TjBjFxFSPYd5zsl1rV7NPcIKZH15nA==",
      "requires": {
        "lodash": "^4.17.15"
      }
    },
    "lodash": {
      "version": "4.17.21",
      "resolved": "https://registry.npmjs.org/lodash/-/lodash-4.17.21.tgz",
      "integrity": "sha512-v2kDEe57lecTulaDIuNTPy3Ry4gLGJ6Z1O3vE1krgXZNrsQ+LFTGHVxVjcXPs17LhbZVGedAJv8XZ1tvj5FvSg=="
    }
  }
}
